
Microsoft Visual Studio Solution File, Format Version 12.00
Project("{FAE04EC0-301F-11D3-BF4B-00C04F79EFBC}") = "EHT", "EHT\EHT.csproj", "{F75A6ABF-2454-4ADF-A205-698672964448}"
EndProject
Global
	GlobalSection(SolutionConfigurationPlatforms) = preSolution
		Debug|Any CPU = Debug|Any CPU
		Release|Any CPU = Release|Any CPU
	EndGlobalSection
	GlobalSection(ProjectConfigurationPlatforms) = postSolution
		{F75A6ABF-2454-4ADF-A205-698672964448}.Debug|Any CPU.ActiveCfg = Debug|Any CPU
		{F75A6ABF-2454-4ADF-A205-698672964448}.Debug|Any CPU.Build.0 = Debug|Any CPU
		{F75A6ABF-2454-4ADF-A205-698672964448}.Release|Any CPU.ActiveCfg = Release|Any CPU
		{F75A6ABF-2454-4ADF-A205-698672964448}.Release|Any CPU.Build.0 = Release|Any CPU
	EndGlobalSection
EndGlobal
